
Microsoft Visual Studio Solution File, Format Version 12.00
# Visual Studio Version 17
VisualStudioVersion = 17.0.31903.59
MinimumVisualStudioVersion = 10.0.40219.1
Project("{2150E333-8FDC-42A3-9474-1A3956D46DE8}") = "Core", "Core", "{3FD2438F-66C8-4045-964C-6A49B1768B6F}"
EndProject
Project("{2150E333-8FDC-42A3-9474-1A3956D46DE8}") = "Presentation", "Presentation", "{8E54101F-F181-42EE-8C9C-91126D175147}"
EndProject
Project("{2150E333-8FDC-42A3-9474-1A3956D46DE8}") = "Infrastructure", "Infrastructure", "{F1FA5022-D223-4EE3-84C1-CBC38DC1AB67}"
EndProject
Project("{2150E333-8FDC-42A3-9474-1A3956D46DE8}") = "Tests", "Tests", "{C9F06973-BDCA-43FC-A0BF-93FDE8FDFCAD}"
EndProject
Project("{9A19103F-16F7-4668-BE54-9A1E7A4F7556}") = "BookStore.Domain", "BookStore.Domain\BookStore.Domain.csproj", "{C636B18A-9F8B-4F4E-8EB4-DEAEB6575194}"
EndProject
Project("{9A19103F-16F7-4668-BE54-9A1E7A4F7556}") = "BookStore.Persistence", "BookStore.Persistence\BookStore.Persistence.csproj", "{61989335-A003-4FAE-A1CC-77F69C46785A}"
EndProject
Project("{9A19103F-16F7-4668-BE54-9A1E7A4F7556}") = "BookStore.Tests", "BookStore.Tests\BookStore.Tests.csproj", "{07A39BED-FFA4-44E4-94B1-087A57BF9550}"
EndProject
Project("{9A19103F-16F7-4668-BE54-9A1E7A4F7556}") = "BookStore.Application", "BookStore.Application\BookStore.Application.csproj", "{03B7EC41-C0D2-4E74-A9E4-9333516CA42B}"
EndProject
Project("{9A19103F-16F7-4668-BE54-9A1E7A4F7556}") = "BookStore.WebApi", "BookStore.WebApi\BookStore.WebApi.csproj", "{FC9DA45B-79C8-493E-8DDD-E3829F7FF818}"
EndProject
Project("{9A19103F-16F7-4668-BE54-9A1E7A4F7556}") = "BookStore.WebMVC", "BookStore.WebMVC\BookStore.WebMVC.csproj", "{EA239B01-4E8D-4077-A04C-DA9024B65C99}"
EndProject
Project("{FAE04EC0-301F-11D3-BF4B-00C04F79EFBC}") = "TestConsoleApp", "TestConsoleApp\TestConsoleApp.csproj", "{3289303C-69FC-45F1-BB3E-71312DBD4563}"
EndProject
Global
	GlobalSection(SolutionConfigurationPlatforms) = preSolution
		Debug|Any CPU = Debug|Any CPU
		Debug|x64 = Debug|x64
		Debug|x86 = Debug|x86
		Release|Any CPU = Release|Any CPU
		Release|x64 = Release|x64
		Release|x86 = Release|x86
	EndGlobalSection
	GlobalSection(ProjectConfigurationPlatforms) = postSolution
		{C636B18A-9F8B-4F4E-8EB4-DEAEB6575194}.Debug|Any CPU.ActiveCfg = Debug|Any CPU
		{C636B18A-9F8B-4F4E-8EB4-DEAEB6575194}.Debug|Any CPU.Build.0 = Debug|Any CPU
		{C636B18A-9F8B-4F4E-8EB4-DEAEB6575194}.Debug|x64.ActiveCfg = Debug|x64
		{C636B18A-9F8B-4F4E-8EB4-DEAEB6575194}.Debug|x64.Build.0 = Debug|x64
		{C636B18A-9F8B-4F4E-8EB4-DEAEB6575194}.Debug|x86.ActiveCfg = Debug|x86
		{C636B18A-9F8B-4F4E-8EB4-DEAEB6575194}.Debug|x86.Build.0 = Debug|x86
		{C636B18A-9F8B-4F4E-8EB4-DEAEB6575194}.Release|Any CPU.ActiveCfg = Release|Any CPU
		{C636B18A-9F8B-4F4E-8EB4-DEAEB6575194}.Release|Any CPU.Build.0 = Release|Any CPU
		{C636B18A-9F8B-4F4E-8EB4-DEAEB6575194}.Release|x64.ActiveCfg = Release|x64
		{C636B18A-9F8B-4F4E-8EB4-DEAEB6575194}.Release|x64.Build.0 = Release|x64
		{C636B18A-9F8B-4F4E-8EB4-DEAEB6575194}.Release|x86.ActiveCfg = Release|x86
		{C636B18A-9F8B-4F4E-8EB4-DEAEB6575194}.Release|x86.Build.0 = Release|x86
		{61989335-A003-4FAE-A1CC-77F69C46785A}.Debug|Any CPU.ActiveCfg = Debug|Any CPU
		{61989335-A003-4FAE-A1CC-77F69C46785A}.Debug|Any CPU.Build.0 = Debug|Any CPU
		{61989335-A003-4FAE-A1CC-77F69C46785A}.Debug|x64.ActiveCfg = Debug|x64
		{61989335-A003-4FAE-A1CC-77F69C46785A}.Debug|x64.Build.0 = Debug|x64
		{61989335-A003-4FAE-A1CC-77F69C46785A}.Debug|x86.ActiveCfg = Debug|x86
		{61989335-A003-4FAE-A1CC-77F69C46785A}.Debug|x86.Build.0 = Debug|x86
		{61989335-A003-4FAE-A1CC-77F69C46785A}.Release|Any CPU.ActiveCfg = Release|Any CPU
		{61989335-A003-4FAE-A1CC-77F69C46785A}.Release|Any CPU.Build.0 = Release|Any CPU
		{61989335-A003-4FAE-A1CC-77F69C46785A}.Release|x64.ActiveCfg = Release|x64
		{61989335-A003-4FAE-A1CC-77F69C46785A}.Release|x64.Build.0 = Release|x64
		{61989335-A003-4FAE-A1CC-77F69C46785A}.Release|x86.ActiveCfg = Release|x86
		{61989335-A003-4FAE-A1CC-77F69C46785A}.Release|x86.Build.0 = Release|x86
		{07A39BED-FFA4-44E4-94B1-087A57BF9550}.Debug|Any CPU.ActiveCfg = Debug|Any CPU
		{07A39BED-FFA4-44E4-94B1-087A57BF9550}.Debug|Any CPU.Build.0 = Debug|Any CPU
		{07A39BED-FFA4-44E4-94B1-087A57BF9550}.Debug|x64.ActiveCfg = Debug|x64
		{07A39BED-FFA4-44E4-94B1-087A57BF9550}.Debug|x64.Build.0 = Debug|x64
		{07A39BED-FFA4-44E4-94B1-087A57BF9550}.Debug|x86.ActiveCfg = Debug|x86
		{07A39BED-FFA4-44E4-94B1-087A57BF9550}.Debug|x86.Build.0 = Debug|x86
		{07A39BED-FFA4-44E4-94B1-087A57BF9550}.Release|Any CPU.ActiveCfg = Release|Any CPU
		{07A39BED-FFA4-44E4-94B1-087A57BF9550}.Release|Any CPU.Build.0 = Release|Any CPU
		{07A39BED-FFA4-44E4-94B1-087A57BF9550}.Release|x64.ActiveCfg = Release|x64
		{07A39BED-FFA4-44E4-94B1-087A57BF9550}.Release|x64.Build.0 = Release|x64
		{07A39BED-FFA4-44E4-94B1-087A57BF9550}.Release|x86.ActiveCfg = Release|x86
		{07A39BED-FFA4-44E4-94B1-087A57BF9550}.Release|x86.Build.0 = Release|x86
		{03B7EC41-C0D2-4E74-A9E4-9333516CA42B}.Debug|Any CPU.ActiveCfg = Debug|Any CPU
		{03B7EC41-C0D2-4E74-A9E4-9333516CA42B}.Debug|Any CPU.Build.0 = Debug|Any CPU
		{03B7EC41-C0D2-4E74-A9E4-9333516CA42B}.Debug|x64.ActiveCfg = Debug|x64
		{03B7EC41-C0D2-4E74-A9E4-9333516CA42B}.Debug|x64.Build.0 = Debug|x64
		{03B7EC41-C0D2-4E74-A9E4-9333516CA42B}.Debug|x86.ActiveCfg = Debug|x86
		{03B7EC41-C0D2-4E74-A9E4-9333516CA42B}.Debug|x86.Build.0 = Debug|x86
		{03B7EC41-C0D2-4E74-A9E4-9333516CA42B}.Release|Any CPU.ActiveCfg = Release|Any CPU
		{03B7EC41-C0D2-4E74-A9E4-9333516CA42B}.Release|Any CPU.Build.0 = Release|Any CPU
		{03B7EC41-C0D2-4E74-A9E4-9333516CA42B}.Release|x64.ActiveCfg = Release|x64
		{03B7EC41-C0D2-4E74-A9E4-9333516CA42B}.Release|x64.Build.0 = Release|x64
		{03B7EC41-C0D2-4E74-A9E4-9333516CA42B}.Release|x86.ActiveCfg = Release|x86
		{03B7EC41-C0D2-4E74-A9E4-9333516CA42B}.Release|x86.Build.0 = Release|x86
		{FC9DA45B-79C8-493E-8DDD-E3829F7FF818}.Debug|Any CPU.ActiveCfg = Debug|Any CPU
		{FC9DA45B-79C8-493E-8DDD-E3829F7FF818}.Debug|Any CPU.Build.0 = Debug|Any CPU
		{FC9DA45B-79C8-493E-8DDD-E3829F7FF818}.Debug|x64.ActiveCfg = Debug|Any CPU
		{FC9DA45B-79C8-493E-8DDD-E3829F7FF818}.Debug|x64.Build.0 = Debug|Any CPU
		{FC9DA45B-79C8-493E-8DDD-E3829F7FF818}.Debug|x86.ActiveCfg = Debug|Any CPU
		{FC9DA45B-79C8-493E-8DDD-E3829F7FF818}.Debug|x86.Build.0 = Debug|Any CPU
		{FC9DA45B-79C8-493E-8DDD-E3829F7FF818}.Release|Any CPU.ActiveCfg = Release|Any CPU
		{FC9DA45B-79C8-493E-8DDD-E3829F7FF818}.Release|Any CPU.Build.0 = Release|Any CPU
		{FC9DA45B-79C8-493E-8DDD-E3829F7FF818}.Release|x64.ActiveCfg = Release|Any CPU
		{FC9DA45B-79C8-493E-8DDD-E3829F7FF818}.Release|x64.Build.0 = Release|Any CPU
		{FC9DA45B-79C8-493E-8DDD-E3829F7FF818}.Release|x86.ActiveCfg = Release|Any CPU
		{FC9DA45B-79C8-493E-8DDD-E3829F7FF818}.Release|x86.Build.0 = Release|Any CPU
		{EA239B01-4E8D-4077-A04C-DA9024B65C99}.Debug|Any CPU.ActiveCfg = Debug|Any CPU
		{EA239B01-4E8D-4077-A04C-DA9024B65C99}.Debug|Any CPU.Build.0 = Debug|Any CPU
		{EA239B01-4E8D-4077-A04C-DA9024B65C99}.Debug|x64.ActiveCfg = Debug|Any CPU
		{EA239B01-4E8D-4077-A04C-DA9024B65C99}.Debug|x64.Build.0 = Debug|Any CPU
		{EA239B01-4E8D-4077-A04C-DA9024B65C99}.Debug|x86.ActiveCfg = Debug|Any CPU
		{EA239B01-4E8D-4077-A04C-DA9024B65C99}.Debug|x86.Build.0 = Debug|Any CPU
		{EA239B01-4E8D-4077-A04C-DA9024B65C99}.Release|Any CPU.ActiveCfg = Release|Any CPU
		{EA239B01-4E8D-4077-A04C-DA9024B65C99}.Release|Any CPU.Build.0 = Release|Any CPU
		{EA239B01-4E8D-4077-A04C-DA9024B65C99}.Release|x64.ActiveCfg = Release|Any CPU
		{EA239B01-4E8D-4077-A04C-DA9024B65C99}.Release|x64.Build.0 = Release|Any CPU
		{EA239B01-4E8D-4077-A04C-DA9024B65C99}.Release|x86.ActiveCfg = Release|Any CPU
		{EA239B01-4E8D-4077-A04C-DA9024B65C99}.Release|x86.Build.0 = Release|Any CPU
		{3289303C-69FC-45F1-BB3E-71312DBD4563}.Debug|Any CPU.ActiveCfg = Debug|Any CPU
		{3289303C-69FC-45F1-BB3E-71312DBD4563}.Debug|Any CPU.Build.0 = Debug|Any CPU
		{3289303C-69FC-45F1-BB3E-71312DBD4563}.Debug|x64.ActiveCfg = Debug|Any CPU
		{3289303C-69FC-45F1-BB3E-71312DBD4563}.Debug|x64.Build.0 = Debug|Any CPU
		{3289303C-69FC-45F1-BB3E-71312DBD4563}.Debug|x86.ActiveCfg = Debug|Any CPU
		{3289303C-69FC-45F1-BB3E-71312DBD4563}.Debug|x86.Build.0 = Debug|Any CPU
		{3289303C-69FC-45F1-BB3E-71312DBD4563}.Release|Any CPU.ActiveCfg = Release|Any CPU
		{3289303C-69FC-45F1-BB3E-71312DBD4563}.Release|Any CPU.Build.0 = Release|Any CPU
		{3289303C-69FC-45F1-BB3E-71312DBD4563}.Release|x64.ActiveCfg = Release|Any CPU
		{3289303C-69FC-45F1-BB3E-71312DBD4563}.Release|x64.Build.0 = Release|Any CPU
		{3289303C-69FC-45F1-BB3E-71312DBD4563}.Release|x86.ActiveCfg = Release|Any CPU
		{3289303C-69FC-45F1-BB3E-71312DBD4563}.Release|x86.Build.0 = Release|Any CPU
	EndGlobalSection
	GlobalSection(SolutionProperties) = preSolution
		HideSolutionNode = FALSE
	EndGlobalSection
	GlobalSection(NestedProjects) = preSolution
		{C636B18A-9F8B-4F4E-8EB4-DEAEB6575194} = {3FD2438F-66C8-4045-964C-6A49B1768B6F}
		{61989335-A003-4FAE-A1CC-77F69C46785A} = {F1FA5022-D223-4EE3-84C1-CBC38DC1AB67}
		{07A39BED-FFA4-44E4-94B1-087A57BF9550} = {C9F06973-BDCA-43FC-A0BF-93FDE8FDFCAD}
		{03B7EC41-C0D2-4E74-A9E4-9333516CA42B} = {3FD2438F-66C8-4045-964C-6A49B1768B6F}
		{FC9DA45B-79C8-493E-8DDD-E3829F7FF818} = {8E54101F-F181-42EE-8C9C-91126D175147}
		{EA239B01-4E8D-4077-A04C-DA9024B65C99} = {8E54101F-F181-42EE-8C9C-91126D175147}
		{3289303C-69FC-45F1-BB3E-71312DBD4563} = {C9F06973-BDCA-43FC-A0BF-93FDE8FDFCAD}
	EndGlobalSection
	GlobalSection(ExtensibilityGlobals) = postSolution
		SolutionGuid = {4FEC0D30-FB13-4D52-9945-725A485D14AE}
	EndGlobalSection
EndGlobal
