
Microsoft Visual Studio Solution File, Format Version 12.00
# Visual Studio Version 17
VisualStudioVersion = 17.0.31903.59
MinimumVisualStudioVersion = 10.0.40219.1
Project("{2150E333-8FDC-42A3-9474-1A3956D46DE8}") = "Frontend", "Frontend", "{213976FE-BB7C-45B1-ADA7-DB7255E85375}"
EndProject
Project("{FAE04EC0-301F-11D3-BF4B-00C04F79EFBC}") = "BookStore.Web", "BookStore.Web\BookStore.Web.csproj", "{716FA7A5-60A9-4A63-88B3-702CDF11BE25}"
EndProject
Project("{2150E333-8FDC-42A3-9474-1A3956D46DE8}") = "Services", "Services", "{4D6EF47D-63CD-4C64-890E-FCD2853625D6}"
EndProject
Project("{FAE04EC0-301F-11D3-BF4B-00C04F79EFBC}") = "BookStore.Services.ProductAPI", "BookStore.Services.ProductAPI\BookStore.Services.ProductAPI.csproj", "{EC7449DF-451D-45C0-B3E7-5FBAAF5BB354}"
EndProject
Global
	GlobalSection(SolutionConfigurationPlatforms) = preSolution
		Debug|Any CPU = Debug|Any CPU
		Release|Any CPU = Release|Any CPU
	EndGlobalSection
	GlobalSection(ProjectConfigurationPlatforms) = postSolution
		{716FA7A5-60A9-4A63-88B3-702CDF11BE25}.Debug|Any CPU.ActiveCfg = Debug|Any CPU
		{716FA7A5-60A9-4A63-88B3-702CDF11BE25}.Debug|Any CPU.Build.0 = Debug|Any CPU
		{716FA7A5-60A9-4A63-88B3-702CDF11BE25}.Release|Any CPU.ActiveCfg = Release|Any CPU
		{716FA7A5-60A9-4A63-88B3-702CDF11BE25}.Release|Any CPU.Build.0 = Release|Any CPU
		{EC7449DF-451D-45C0-B3E7-5FBAAF5BB354}.Debug|Any CPU.ActiveCfg = Debug|Any CPU
		{EC7449DF-451D-45C0-B3E7-5FBAAF5BB354}.Debug|Any CPU.Build.0 = Debug|Any CPU
		{EC7449DF-451D-45C0-B3E7-5FBAAF5BB354}.Release|Any CPU.ActiveCfg = Release|Any CPU
		{EC7449DF-451D-45C0-B3E7-5FBAAF5BB354}.Release|Any CPU.Build.0 = Release|Any CPU
	EndGlobalSection
	GlobalSection(SolutionProperties) = preSolution
		HideSolutionNode = FALSE
	EndGlobalSection
	GlobalSection(NestedProjects) = preSolution
		{716FA7A5-60A9-4A63-88B3-702CDF11BE25} = {213976FE-BB7C-45B1-ADA7-DB7255E85375}
		{EC7449DF-451D-45C0-B3E7-5FBAAF5BB354} = {4D6EF47D-63CD-4C64-890E-FCD2853625D6}
	EndGlobalSection
	GlobalSection(ExtensibilityGlobals) = postSolution
		SolutionGuid = {19A309A4-BA9E-4C14-871B-93116071BD59}
	EndGlobalSection
EndGlobal
